
Microsoft Visual Studio Solution File, Format Version 12.00
# Visual Studio Version 17
VisualStudioVersion = 17.4.33205.214
MinimumVisualStudioVersion = 10.0.40219.1
Project("{FAE04EC0-301F-11D3-BF4B-00C04F79EFBC}") = "Own practice", "Own practice.csproj", "{ABCB580B-BB2D-4A25-AC1C-CA6CEE20CAFA}"
EndProject
Global
	GlobalSection(SolutionConfigurationPlatforms) = preSolution
		Debug|Any CPU = Debug|Any CPU
		Release|Any CPU = Release|Any CPU
	EndGlobalSection
	GlobalSection(ProjectConfigurationPlatforms) = postSolution
		{ABCB580B-BB2D-4A25-AC1C-CA6CEE20CAFA}.Debug|Any CPU.ActiveCfg = Debug|Any CPU
		{ABCB580B-BB2D-4A25-AC1C-CA6CEE20CAFA}.Debug|Any CPU.Build.0 = Debug|Any CPU
		{ABCB580B-BB2D-4A25-AC1C-CA6CEE20CAFA}.Release|Any CPU.ActiveCfg = Release|Any CPU
		{ABCB580B-BB2D-4A25-AC1C-CA6CEE20CAFA}.Release|Any CPU.Build.0 = Release|Any CPU
	EndGlobalSection
	GlobalSection(SolutionProperties) = preSolution
		HideSolutionNode = FALSE
	EndGlobalSection
	GlobalSection(ExtensibilityGlobals) = postSolution
		SolutionGuid = {EB181098-16F3-4E81-A35C-848E0819F785}
	EndGlobalSection
EndGlobal
